
Microsoft Visual Studio Solution File, Format Version 12.00
# Visual Studio Version 16
VisualStudioVersion = 16.0.28917.182
MinimumVisualStudioVersion = 10.0.40219.1
Project("{9A19103F-16F7-4668-BE54-9A1E7A4F7556}") = "DotNetNote", "DotNetNote\DotNetNote.csproj", "{12D52496-7A47-4AA7-8695-7E5AAC1E0609}"
EndProject
Project("{00D1A9C2-B5F0-4AF3-8072-F6C62B433612}") = "DotNetNote.Database", "DotNetNote.Database\DotNetNote.Database.sqlproj", "{5814EAEB-2FEF-437B-8553-568D24CF0B3C}"
EndProject
Project("{9A19103F-16F7-4668-BE54-9A1E7A4F7556}") = "DotNetNote.Models", "DotNetNote.Models\DotNetNote.Models.csproj", "{43B51F7F-1959-4869-A48F-E102A8570D02}"
EndProject
Project("{9A19103F-16F7-4668-BE54-9A1E7A4F7556}") = "BlazorNote", "BlazorNote\BlazorNote.csproj", "{E90E9F0E-9E8B-4213-AF66-485E81214F81}"
EndProject
Project("{9A19103F-16F7-4668-BE54-9A1E7A4F7556}") = "RazorNote", "RazorNote\RazorNote.csproj", "{C13536E6-684D-4232-8259-EC5346BED40C}"
EndProject
Project("{FAE04EC0-301F-11D3-BF4B-00C04F79EFBC}") = "GreeterService", "GreeterService\GreeterService.csproj", "{1FE8A31A-9A5C-4AA5-8126-3DF6E3342814}"
EndProject
Global
	GlobalSection(SolutionConfigurationPlatforms) = preSolution
		Debug|Any CPU = Debug|Any CPU
		Release|Any CPU = Release|Any CPU
	EndGlobalSection
	GlobalSection(ProjectConfigurationPlatforms) = postSolution
		{12D52496-7A47-4AA7-8695-7E5AAC1E0609}.Debug|Any CPU.ActiveCfg = Debug|Any CPU
		{12D52496-7A47-4AA7-8695-7E5AAC1E0609}.Debug|Any CPU.Build.0 = Debug|Any CPU
		{12D52496-7A47-4AA7-8695-7E5AAC1E0609}.Release|Any CPU.ActiveCfg = Release|Any CPU
		{12D52496-7A47-4AA7-8695-7E5AAC1E0609}.Release|Any CPU.Build.0 = Release|Any CPU
		{5814EAEB-2FEF-437B-8553-568D24CF0B3C}.Debug|Any CPU.ActiveCfg = Debug|Any CPU
		{5814EAEB-2FEF-437B-8553-568D24CF0B3C}.Debug|Any CPU.Build.0 = Debug|Any CPU
		{5814EAEB-2FEF-437B-8553-568D24CF0B3C}.Debug|Any CPU.Deploy.0 = Debug|Any CPU
		{5814EAEB-2FEF-437B-8553-568D24CF0B3C}.Release|Any CPU.ActiveCfg = Release|Any CPU
		{5814EAEB-2FEF-437B-8553-568D24CF0B3C}.Release|Any CPU.Build.0 = Release|Any CPU
		{5814EAEB-2FEF-437B-8553-568D24CF0B3C}.Release|Any CPU.Deploy.0 = Release|Any CPU
		{43B51F7F-1959-4869-A48F-E102A8570D02}.Debug|Any CPU.ActiveCfg = Debug|Any CPU
		{43B51F7F-1959-4869-A48F-E102A8570D02}.Debug|Any CPU.Build.0 = Debug|Any CPU
		{43B51F7F-1959-4869-A48F-E102A8570D02}.Release|Any CPU.ActiveCfg = Release|Any CPU
		{43B51F7F-1959-4869-A48F-E102A8570D02}.Release|Any CPU.Build.0 = Release|Any CPU
		{E90E9F0E-9E8B-4213-AF66-485E81214F81}.Debug|Any CPU.ActiveCfg = Debug|Any CPU
		{E90E9F0E-9E8B-4213-AF66-485E81214F81}.Debug|Any CPU.Build.0 = Debug|Any CPU
		{E90E9F0E-9E8B-4213-AF66-485E81214F81}.Release|Any CPU.ActiveCfg = Release|Any CPU
		{E90E9F0E-9E8B-4213-AF66-485E81214F81}.Release|Any CPU.Build.0 = Release|Any CPU
		{C13536E6-684D-4232-8259-EC5346BED40C}.Debug|Any CPU.ActiveCfg = Debug|Any CPU
		{C13536E6-684D-4232-8259-EC5346BED40C}.Debug|Any CPU.Build.0 = Debug|Any CPU
		{C13536E6-684D-4232-8259-EC5346BED40C}.Release|Any CPU.ActiveCfg = Release|Any CPU
		{C13536E6-684D-4232-8259-EC5346BED40C}.Release|Any CPU.Build.0 = Release|Any CPU
		{1FE8A31A-9A5C-4AA5-8126-3DF6E3342814}.Debug|Any CPU.ActiveCfg = Debug|Any CPU
		{1FE8A31A-9A5C-4AA5-8126-3DF6E3342814}.Debug|Any CPU.Build.0 = Debug|Any CPU
		{1FE8A31A-9A5C-4AA5-8126-3DF6E3342814}.Release|Any CPU.ActiveCfg = Release|Any CPU
		{1FE8A31A-9A5C-4AA5-8126-3DF6E3342814}.Release|Any CPU.Build.0 = Release|Any CPU
	EndGlobalSection
	GlobalSection(SolutionProperties) = preSolution
		HideSolutionNode = FALSE
	EndGlobalSection
	GlobalSection(ExtensibilityGlobals) = postSolution
		SolutionGuid = {61B8B3F7-B6B8-40EB-9E73-FA88F8A94FAB}
	EndGlobalSection
EndGlobal
